
Microsoft Visual Studio Solution File, Format Version 12.00
# Visual Studio Version 17
VisualStudioVersion = 17.9.34728.123
MinimumVisualStudioVersion = 10.0.40219.1
Project("{2150E333-8FDC-42A3-9474-1A3956D46DE8}") = "Poi.Id", "Poi.Id", "{D5147E00-E390-45F7-9FC3-102625341978}"
EndProject
Project("{9A19103F-16F7-4668-BE54-9A1E7A4F7556}") = "Poi.Id.API", "Poi.Id\Poi.Id.API\Poi.Id.API.csproj", "{19EB6A86-91AF-4E11-8158-F5A212EDE0C4}"
EndProject
Project("{9A19103F-16F7-4668-BE54-9A1E7A4F7556}") = "Poi.Id.Logic", "Poi.Id\Poi.Id.Logic\Poi.Id.Logic.csproj", "{57916EF7-1D1E-49EE-875B-F0D5C17F6B0B}"
EndProject
Project("{9A19103F-16F7-4668-BE54-9A1E7A4F7556}") = "Poi.Id.InfraModel", "Poi.Id\Poi.Id.InfraModel\Poi.Id.InfraModel.csproj", "{73AA5EC7-8AE3-4C54-8969-33F997B263FF}"
EndProject
Project("{2150E333-8FDC-42A3-9474-1A3956D46DE8}") = "Poi.Shared", "Poi.Shared", "{F4C65656-8F9D-4EC3-B2B5-3DFDF868C5F4}"
EndProject
Project("{9A19103F-16F7-4668-BE54-9A1E7A4F7556}") = "Poi.Shared.Model", "Poi.Shared\Poi.Shared.Model\Poi.Shared.Model.csproj", "{4A9B1B6D-9299-458E-923C-BF6DEEEE3E6F}"
EndProject
Global
	GlobalSection(SolutionConfigurationPlatforms) = preSolution
		Debug|Any CPU = Debug|Any CPU
		Release|Any CPU = Release|Any CPU
	EndGlobalSection
	GlobalSection(ProjectConfigurationPlatforms) = postSolution
		{19EB6A86-91AF-4E11-8158-F5A212EDE0C4}.Debug|Any CPU.ActiveCfg = Debug|Any CPU
		{19EB6A86-91AF-4E11-8158-F5A212EDE0C4}.Debug|Any CPU.Build.0 = Debug|Any CPU
		{19EB6A86-91AF-4E11-8158-F5A212EDE0C4}.Release|Any CPU.ActiveCfg = Release|Any CPU
		{19EB6A86-91AF-4E11-8158-F5A212EDE0C4}.Release|Any CPU.Build.0 = Release|Any CPU
		{57916EF7-1D1E-49EE-875B-F0D5C17F6B0B}.Debug|Any CPU.ActiveCfg = Debug|Any CPU
		{57916EF7-1D1E-49EE-875B-F0D5C17F6B0B}.Debug|Any CPU.Build.0 = Debug|Any CPU
		{57916EF7-1D1E-49EE-875B-F0D5C17F6B0B}.Release|Any CPU.ActiveCfg = Release|Any CPU
		{57916EF7-1D1E-49EE-875B-F0D5C17F6B0B}.Release|Any CPU.Build.0 = Release|Any CPU
		{73AA5EC7-8AE3-4C54-8969-33F997B263FF}.Debug|Any CPU.ActiveCfg = Debug|Any CPU
		{73AA5EC7-8AE3-4C54-8969-33F997B263FF}.Debug|Any CPU.Build.0 = Debug|Any CPU
		{73AA5EC7-8AE3-4C54-8969-33F997B263FF}.Release|Any CPU.ActiveCfg = Release|Any CPU
		{73AA5EC7-8AE3-4C54-8969-33F997B263FF}.Release|Any CPU.Build.0 = Release|Any CPU
		{4A9B1B6D-9299-458E-923C-BF6DEEEE3E6F}.Debug|Any CPU.ActiveCfg = Debug|Any CPU
		{4A9B1B6D-9299-458E-923C-BF6DEEEE3E6F}.Debug|Any CPU.Build.0 = Debug|Any CPU
		{4A9B1B6D-9299-458E-923C-BF6DEEEE3E6F}.Release|Any CPU.ActiveCfg = Release|Any CPU
		{4A9B1B6D-9299-458E-923C-BF6DEEEE3E6F}.Release|Any CPU.Build.0 = Release|Any CPU
	EndGlobalSection
	GlobalSection(SolutionProperties) = preSolution
		HideSolutionNode = FALSE
	EndGlobalSection
	GlobalSection(NestedProjects) = preSolution
		{19EB6A86-91AF-4E11-8158-F5A212EDE0C4} = {D5147E00-E390-45F7-9FC3-102625341978}
		{57916EF7-1D1E-49EE-875B-F0D5C17F6B0B} = {D5147E00-E390-45F7-9FC3-102625341978}
		{73AA5EC7-8AE3-4C54-8969-33F997B263FF} = {D5147E00-E390-45F7-9FC3-102625341978}
		{4A9B1B6D-9299-458E-923C-BF6DEEEE3E6F} = {F4C65656-8F9D-4EC3-B2B5-3DFDF868C5F4}
	EndGlobalSection
	GlobalSection(ExtensibilityGlobals) = postSolution
		SolutionGuid = {4EB0FF5F-BEB5-48CE-9C15-9F6629B515E1}
	EndGlobalSection
EndGlobal
